
Microsoft Visual Studio Solution File, Format Version 12.00
# Visual Studio Version 16
VisualStudioVersion = 16.0.30503.244
MinimumVisualStudioVersion = 10.0.40219.1
Project("{8BC9CEB8-8B4A-11D0-8D11-00A0C91BC942}") = "DA40ECU", "DA40ECU.vcxproj", "{A5468B35-BBBD-4C55-97ED-81BFE343B0E4}"
EndProject
Global
	GlobalSection(SolutionConfigurationPlatforms) = preSolution
		Debug|MSFS = Debug|MSFS
		Release|MSFS = Release|MSFS
	EndGlobalSection
	GlobalSection(ProjectConfigurationPlatforms) = postSolution
		{A5468B35-BBBD-4C55-97ED-81BFE343B0E4}.Debug|MSFS.ActiveCfg = Debug|MSFS
		{A5468B35-BBBD-4C55-97ED-81BFE343B0E4}.Debug|MSFS.Build.0 = Debug|MSFS
		{A5468B35-BBBD-4C55-97ED-81BFE343B0E4}.Release|MSFS.ActiveCfg = Release|MSFS
		{A5468B35-BBBD-4C55-97ED-81BFE343B0E4}.Release|MSFS.Build.0 = Release|MSFS
	EndGlobalSection
	GlobalSection(SolutionProperties) = preSolution
		HideSolutionNode = FALSE
	EndGlobalSection
	GlobalSection(ExtensibilityGlobals) = postSolution
		SolutionGuid = {751DF777-51C5-419A-B0D7-F9703D5C9EAA}
	EndGlobalSection
EndGlobal
