<?xml version="1.0" encoding="utf-8"?>
<Project ToolsVersion="4.0" xmlns="http://schemas.microsoft.com/developer/msbuild/2003">
  <ItemGroup>
    <Filter Include="Utils">
      <UniqueIdentifier>{127a6c6e-3b72-4223-a37d-c591874b3b6f}</UniqueIdentifier>
    </Filter>
  </ItemGroup>
  <ItemGroup>
    <ClCompile Include="PidController.cpp" />
    <ClCompile Include="cj4_fdmain.cpp" />
    <ClCompile Include="cj4_fdcontroller.cpp" />
    <ClCompile Include="wt_utils.cpp" />
  </ItemGroup>
  <ItemGroup>
    <ClInclude Include="SimConnectDefs.h" />
    <ClInclude Include="cj4_fdmain.h" />
  </ItemGroup>
</Project>